# This file is automatically @generated by Cargo.
# It is not intended for manual editing.
[[package]]
name = "corr_client"
version = "0.1.0"

[[package]]
name = "corr_client_lib"
version = "0.1.0"

[[package]]
name = "corr_core"
version = "0.1.0"

[[package]]
name = "corr_server"
version = "0.1.0"
dependencies = [
 "corr_server_lib 0.1.0",
]

[[package]]
name = "corr_server_lib"
version = "0.1.0"

